{
    "name": "@quarterfall/core",
    "version": "0.0.16",
    "lockfileVersion": 2,
    "requires": true,
    "packages": {
        "": {
            "name": "@quarterfall/core",
            "version": "0.0.16",
            "license": "MIT",
            "dependencies": {
                "validator": "^13.7.0"
            },
            "devDependencies": {
                "@types/validator": "^13.7.0",
                "prettier": "^2.4.1",
                "typescript": "^4.4.4"
            }
        },
        "node_modules/@types/validator": {
            "version": "13.7.0",
            "resolved": "https://registry.npmjs.org/@types/validator/-/validator-13.7.0.tgz",
            "integrity": "sha512-+jBxVvXVuggZOrm04NR8z+5+bgoW4VZyLzUO+hmPPW1mVFL/HaitLAkizfv4yg9TbG8lkfHWVMQ11yDqrVVCzA==",
            "dev": true
        },
        "node_modules/prettier": {
            "version": "2.4.1",
            "resolved": "https://registry.npmjs.org/prettier/-/prettier-2.4.1.tgz",
            "integrity": "sha512-9fbDAXSBcc6Bs1mZrDYb3XKzDLm4EXXL9sC1LqKP5rZkT6KRr/rf9amVUcODVXgguK/isJz0d0hP72WeaKWsvA==",
            "dev": true,
            "bin": {
                "prettier": "bin-prettier.js"
            },
            "engines": {
                "node": ">=10.13.0"
            }
        },
        "node_modules/typescript": {
            "version": "4.4.4",
            "resolved": "https://registry.npmjs.org/typescript/-/typescript-4.4.4.tgz",
            "integrity": "sha512-DqGhF5IKoBl8WNf8C1gu8q0xZSInh9j1kJJMqT3a94w1JzVaBU4EXOSMrz9yDqMT0xt3selp83fuFMQ0uzv6qA==",
            "dev": true,
            "bin": {
                "tsc": "bin/tsc",
                "tsserver": "bin/tsserver"
            },
            "engines": {
                "node": ">=4.2.0"
            }
        },
        "node_modules/validator": {
            "version": "13.7.0",
            "resolved": "https://registry.npmjs.org/validator/-/validator-13.7.0.tgz",
            "integrity": "sha512-nYXQLCBkpJ8X6ltALua9dRrZDHVYxjJ1wgskNt1lH9fzGjs3tgojGSCBjmEPwkWS1y29+DrizMTW19Pr9uB2nw==",
            "engines": {
                "node": ">= 0.10"
            }
        }
    },
    "dependencies": {
        "@types/validator": {
            "version": "13.7.0",
            "resolved": "https://registry.npmjs.org/@types/validator/-/validator-13.7.0.tgz",
            "integrity": "sha512-+jBxVvXVuggZOrm04NR8z+5+bgoW4VZyLzUO+hmPPW1mVFL/HaitLAkizfv4yg9TbG8lkfHWVMQ11yDqrVVCzA==",
            "dev": true
        },
        "prettier": {
            "version": "2.4.1",
            "resolved": "https://registry.npmjs.org/prettier/-/prettier-2.4.1.tgz",
            "integrity": "sha512-9fbDAXSBcc6Bs1mZrDYb3XKzDLm4EXXL9sC1LqKP5rZkT6KRr/rf9amVUcODVXgguK/isJz0d0hP72WeaKWsvA==",
            "dev": true
        },
        "typescript": {
            "version": "4.4.4",
            "resolved": "https://registry.npmjs.org/typescript/-/typescript-4.4.4.tgz",
            "integrity": "sha512-DqGhF5IKoBl8WNf8C1gu8q0xZSInh9j1kJJMqT3a94w1JzVaBU4EXOSMrz9yDqMT0xt3selp83fuFMQ0uzv6qA==",
            "dev": true
        },
        "validator": {
            "version": "13.7.0",
            "resolved": "https://registry.npmjs.org/validator/-/validator-13.7.0.tgz",
            "integrity": "sha512-nYXQLCBkpJ8X6ltALua9dRrZDHVYxjJ1wgskNt1lH9fzGjs3tgojGSCBjmEPwkWS1y29+DrizMTW19Pr9uB2nw=="
        }
    }
}
